
Microsoft Visual Studio Solution File, Format Version 12.00
# Visual Studio Version 16
VisualStudioVersion = 16.0.31129.286
MinimumVisualStudioVersion = 10.0.40219.1
Project("{FAE04EC0-301F-11D3-BF4B-00C04F79EFBC}") = "OCR", "OCR.csproj", "{58705103-AF81-4A4A-9924-F147D2BAC8DA}"
EndProject
Global
	GlobalSection(SolutionConfigurationPlatforms) = preSolution
		Debug|Any CPU = Debug|Any CPU
		Release|Any CPU = Release|Any CPU
	EndGlobalSection
	GlobalSection(ProjectConfigurationPlatforms) = postSolution
		{58705103-AF81-4A4A-9924-F147D2BAC8DA}.Debug|Any CPU.ActiveCfg = Debug|Any CPU
		{58705103-AF81-4A4A-9924-F147D2BAC8DA}.Debug|Any CPU.Build.0 = Debug|Any CPU
		{58705103-AF81-4A4A-9924-F147D2BAC8DA}.Release|Any CPU.ActiveCfg = Release|Any CPU
		{58705103-AF81-4A4A-9924-F147D2BAC8DA}.Release|Any CPU.Build.0 = Release|Any CPU
	EndGlobalSection
	GlobalSection(SolutionProperties) = preSolution
		HideSolutionNode = FALSE
	EndGlobalSection
	GlobalSection(ExtensibilityGlobals) = postSolution
		SolutionGuid = {64391893-1D92-410D-8DD4-D6AB5F11A451}
	EndGlobalSection
EndGlobal
